
Microsoft Visual Studio Solution File, Format Version 12.00
# Visual Studio Version 16
VisualStudioVersion = 16.0.29123.89
MinimumVisualStudioVersion = 10.0.40219.1
Project("{9A19103F-16F7-4668-BE54-9A1E7A4F7556}") = "TA.Usno.Extractor", "TA.Usno.Extractor\TA.Usno.Extractor.csproj", "{F6304A40-E4EA-41B1-ACA1-BAC798827026}"
EndProject
Project("{FAE04EC0-301F-11D3-BF4B-00C04F79EFBC}") = "TA.Usno.Extractor.Gui", "TA.Usno.Extractor.Gui\TA.Usno.Extractor.Gui.csproj", "{DA454F4E-A7B1-422D-8429-C16D6DEC36A5}"
EndProject
Project("{2150E333-8FDC-42A3-9474-1A3956D46DE8}") = "Configuration", "Configuration", "{A40794B7-5643-4AB7-B800-25E2DA2A18FB}"
	ProjectSection(SolutionItems) = preProject
		.gitignore = .gitignore
		GitVersion.yml = GitVersion.yml
	EndProjectSection
EndProject
Global
	GlobalSection(SolutionConfigurationPlatforms) = preSolution
		Debug|Any CPU = Debug|Any CPU
		Release|Any CPU = Release|Any CPU
	EndGlobalSection
	GlobalSection(ProjectConfigurationPlatforms) = postSolution
		{F6304A40-E4EA-41B1-ACA1-BAC798827026}.Debug|Any CPU.ActiveCfg = Debug|Any CPU
		{F6304A40-E4EA-41B1-ACA1-BAC798827026}.Debug|Any CPU.Build.0 = Debug|Any CPU
		{F6304A40-E4EA-41B1-ACA1-BAC798827026}.Release|Any CPU.ActiveCfg = Release|Any CPU
		{F6304A40-E4EA-41B1-ACA1-BAC798827026}.Release|Any CPU.Build.0 = Release|Any CPU
		{DA454F4E-A7B1-422D-8429-C16D6DEC36A5}.Debug|Any CPU.ActiveCfg = Debug|Any CPU
		{DA454F4E-A7B1-422D-8429-C16D6DEC36A5}.Debug|Any CPU.Build.0 = Debug|Any CPU
		{DA454F4E-A7B1-422D-8429-C16D6DEC36A5}.Release|Any CPU.ActiveCfg = Release|Any CPU
		{DA454F4E-A7B1-422D-8429-C16D6DEC36A5}.Release|Any CPU.Build.0 = Release|Any CPU
	EndGlobalSection
	GlobalSection(SolutionProperties) = preSolution
		HideSolutionNode = FALSE
	EndGlobalSection
	GlobalSection(ExtensibilityGlobals) = postSolution
		SolutionGuid = {0F7A6747-03D3-40EE-813F-4E1B81E4B6C0}
	EndGlobalSection
EndGlobal
